// !$*UTF8*$!
{
	archiveVersion = 1;
	classes = {
	};
	objectVersion = 55;
	objects = {

/* Begin PBXBuildFile section */
		2A6A7954289931E6006038CB /* Settings.swift in Sources */ = {isa = PBXBuildFile; fileRef = 2A6A7953289931E6006038CB /* Settings.swift */; };
		2A6A7956289C1EA5006038CB /* WeatherManager.swift in Sources */ = {isa = PBXBuildFile; fileRef = 2A6A7955289C1EA4006038CB /* WeatherManager.swift */; };
		2A6A7958289C2189006038CB /* CacheManager.swift in Sources */ = {isa = PBXBuildFile; fileRef = 2A6A7957289C2189006038CB /* CacheManager.swift */; };
		2A84384628884A400012872E /* AppDelegate.swift in Sources */ = {isa = PBXBuildFile; fileRef = 2A84384528884A400012872E /* AppDelegate.swift */; };
		2A84384828884A400012872E /* SceneDelegate.swift in Sources */ = {isa = PBXBuildFile; fileRef = 2A84384728884A400012872E /* SceneDelegate.swift */; };
		2A84384A28884A400012872E /* SearchViewController.swift in Sources */ = {isa = PBXBuildFile; fileRef = 2A84384928884A400012872E /* SearchViewController.swift */; };
		2A84385028884A400012872E /* weather.xcdatamodeld in Sources */ = {isa = PBXBuildFile; fileRef = 2A84384E28884A400012872E /* weather.xcdatamodeld */; };
		2A84385228884A420012872E /* Assets.xcassets in Resources */ = {isa = PBXBuildFile; fileRef = 2A84385128884A420012872E /* Assets.xcassets */; };
		2A84385528884A420012872E /* LaunchScreen.storyboard in Resources */ = {isa = PBXBuildFile; fileRef = 2A84385328884A420012872E /* LaunchScreen.storyboard */; };
		2A84385D288858C90012872E /* City.swift in Sources */ = {isa = PBXBuildFile; fileRef = 2A84385C288858C90012872E /* City.swift */; };
		2A84385F288859560012872E /* SuggestionCell.swift in Sources */ = {isa = PBXBuildFile; fileRef = 2A84385E288859560012872E /* SuggestionCell.swift */; };
		2A8F373628B27614005CBA26 /* Charts in Frameworks */ = {isa = PBXBuildFile; productRef = 2A8F373528B27614005CBA26 /* Charts */; };
		2ACA2CE728ACC0D9007F5DFC /* ForecastViewController.swift in Sources */ = {isa = PBXBuildFile; fileRef = 2ACA2CE628ACC0D9007F5DFC /* ForecastViewController.swift */; };
		2ACA2CE928ACC419007F5DFC /* ForecastTableViewCell.swift in Sources */ = {isa = PBXBuildFile; fileRef = 2ACA2CE828ACC419007F5DFC /* ForecastTableViewCell.swift */; };
/* End PBXBuildFile section */

/* Begin PBXFileReference section */
		2A6A7953289931E6006038CB /* Settings.swift */ = {isa = PBXFileReference; lastKnownFileType = sourcecode.swift; path = Settings.swift; sourceTree = "<group>"; };
		2A6A7955289C1EA4006038CB /* WeatherManager.swift */ = {isa = PBXFileReference; lastKnownFileType = sourcecode.swift; path = WeatherManager.swift; sourceTree = "<group>"; };
		2A6A7957289C2189006038CB /* CacheManager.swift */ = {isa = PBXFileReference; lastKnownFileType = sourcecode.swift; path = CacheManager.swift; sourceTree = "<group>"; };
		2A84384228884A400012872E /* weather.app */ = {isa = PBXFileReference; explicitFileType = wrapper.application; includeInIndex = 0; path = weather.app; sourceTree = BUILT_PRODUCTS_DIR; };
		2A84384528884A400012872E /* AppDelegate.swift */ = {isa = PBXFileReference; lastKnownFileType = sourcecode.swift; path = AppDelegate.swift; sourceTree = "<group>"; };
		2A84384728884A400012872E /* SceneDelegate.swift */ = {isa = PBXFileReference; lastKnownFileType = sourcecode.swift; path = SceneDelegate.swift; sourceTree = "<group>"; };
		2A84384928884A400012872E /* SearchViewController.swift */ = {isa = PBXFileReference; lastKnownFileType = sourcecode.swift; path = SearchViewController.swift; sourceTree = "<group>"; };
		2A84384F28884A400012872E /* weather.xcdatamodel */ = {isa = PBXFileReference; lastKnownFileType = wrapper.xcdatamodel; path = weather.xcdatamodel; sourceTree = "<group>"; };
		2A84385128884A420012872E /* Assets.xcassets */ = {isa = PBXFileReference; lastKnownFileType = folder.assetcatalog; path = Assets.xcassets; sourceTree = "<group>"; };
		2A84385428884A420012872E /* Base */ = {isa = PBXFileReference; lastKnownFileType = file.storyboard; name = Base; path = Base.lproj/LaunchScreen.storyboard; sourceTree = "<group>"; };
		2A84385628884A420012872E /* Info.plist */ = {isa = PBXFileReference; lastKnownFileType = text.plist.xml; path = Info.plist; sourceTree = "<group>"; };
		2A84385C288858C90012872E /* City.swift */ = {isa = PBXFileReference; lastKnownFileType = sourcecode.swift; path = City.swift; sourceTree = "<group>"; };
		2A84385E288859560012872E /* SuggestionCell.swift */ = {isa = PBXFileReference; lastKnownFileType = sourcecode.swift; path = SuggestionCell.swift; sourceTree = "<group>"; };
		2ACA2CE628ACC0D9007F5DFC /* ForecastViewController.swift */ = {isa = PBXFileReference; lastKnownFileType = sourcecode.swift; path = ForecastViewController.swift; sourceTree = "<group>"; };
		2ACA2CE828ACC419007F5DFC /* ForecastTableViewCell.swift */ = {isa = PBXFileReference; lastKnownFileType = sourcecode.swift; path = ForecastTableViewCell.swift; sourceTree = "<group>"; };
/* End PBXFileReference section */

/* Begin PBXFrameworksBuildPhase section */
		2A84383F28884A400012872E /* Frameworks */ = {
			isa = PBXFrameworksBuildPhase;
			buildActionMask = 2147483647;
			files = (
				2A8F373628B27614005CBA26 /* Charts in Frameworks */,
			);
			runOnlyForDeploymentPostprocessing = 0;
		};
/* End PBXFrameworksBuildPhase section */

/* Begin PBXGroup section */
		2A6A795228992F06006038CB /* Search */ = {
			isa = PBXGroup;
			children = (
				2A84384928884A400012872E /* SearchViewController.swift */,
				2A84385E288859560012872E /* SuggestionCell.swift */,
				2A84385C288858C90012872E /* City.swift */,
			);
			path = Search;
			sourceTree = "<group>";
		};
		2A6A7959289C219B006038CB /* Singletons */ = {
			isa = PBXGroup;
			children = (
				2A6A7953289931E6006038CB /* Settings.swift */,
				2A6A7955289C1EA4006038CB /* WeatherManager.swift */,
				2A6A7957289C2189006038CB /* CacheManager.swift */,
			);
			path = Singletons;
			sourceTree = "<group>";
		};
		2A84383928884A400012872E = {
			isa = PBXGroup;
			children = (
				2A84384428884A400012872E /* weather */,
				2A84384328884A400012872E /* Products */,
			);
			sourceTree = "<group>";
		};
		2A84384328884A400012872E /* Products */ = {
			isa = PBXGroup;
			children = (
				2A84384228884A400012872E /* weather.app */,
			);
			name = Products;
			sourceTree = "<group>";
		};
		2A84384428884A400012872E /* weather */ = {
			isa = PBXGroup;
			children = (
				2A84384528884A400012872E /* AppDelegate.swift */,
				2A84384728884A400012872E /* SceneDelegate.swift */,
				2A6A7959289C219B006038CB /* Singletons */,
				2A6A795228992F06006038CB /* Search */,
				2ACA2CE528ACC093007F5DFC /* Forecast */,
				2A84385128884A420012872E /* Assets.xcassets */,
				2A84385328884A420012872E /* LaunchScreen.storyboard */,
				2A84385628884A420012872E /* Info.plist */,
				2A84384E28884A400012872E /* weather.xcdatamodeld */,
			);
			path = weather;
			sourceTree = "<group>";
		};
		2ACA2CE528ACC093007F5DFC /* Forecast */ = {
			isa = PBXGroup;
			children = (
				2ACA2CE628ACC0D9007F5DFC /* ForecastViewController.swift */,
				2ACA2CE828ACC419007F5DFC /* ForecastTableViewCell.swift */,
			);
			path = Forecast;
			sourceTree = "<group>";
		};
/* End PBXGroup section */

/* Begin PBXNativeTarget section */
		2A84384128884A400012872E /* weather */ = {
			isa = PBXNativeTarget;
			buildConfigurationList = 2A84385928884A420012872E /* Build configuration list for PBXNativeTarget "weather" */;
			buildPhases = (
				2A84383E28884A400012872E /* Sources */,
				2A84383F28884A400012872E /* Frameworks */,
				2A84384028884A400012872E /* Resources */,
			);
			buildRules = (
			);
			dependencies = (
			);
			name = weather;
			packageProductDependencies = (
				2A8F373528B27614005CBA26 /* Charts */,
			);
			productName = weather;
			productReference = 2A84384228884A400012872E /* weather.app */;
			productType = "com.apple.product-type.application";
		};
/* End PBXNativeTarget section */

/* Begin PBXProject section */
		2A84383A28884A400012872E /* Project object */ = {
			isa = PBXProject;
			attributes = {
				BuildIndependentTargetsInParallel = 1;
				LastSwiftUpdateCheck = 1320;
				LastUpgradeCheck = 1320;
				TargetAttributes = {
					2A84384128884A400012872E = {
						CreatedOnToolsVersion = 13.2.1;
					};
				};
			};
			buildConfigurationList = 2A84383D28884A400012872E /* Build configuration list for PBXProject "weather" */;
			compatibilityVersion = "Xcode 13.0";
			developmentRegion = en;
			hasScannedForEncodings = 0;
			knownRegions = (
				en,
				Base,
			);
			mainGroup = 2A84383928884A400012872E;
			packageReferences = (
				2A8F373428B27614005CBA26 /* XCRemoteSwiftPackageReference "Charts" */,
			);
			productRefGroup = 2A84384328884A400012872E /* Products */;
			projectDirPath = "";
			projectRoot = "";
			targets = (
				2A84384128884A400012872E /* weather */,
			);
		};
/* End PBXProject section */

/* Begin PBXResourcesBuildPhase section */
		2A84384028884A400012872E /* Resources */ = {
			isa = PBXResourcesBuildPhase;
			buildActionMask = 2147483647;
			files = (
				2A84385528884A420012872E /* LaunchScreen.storyboard in Resources */,
				2A84385228884A420012872E /* Assets.xcassets in Resources */,
			);
			runOnlyForDeploymentPostprocessing = 0;
		};
/* End PBXResourcesBuildPhase section */

/* Begin PBXSourcesBuildPhase section */
		2A84383E28884A400012872E /* Sources */ = {
			isa = PBXSourcesBuildPhase;
			buildActionMask = 2147483647;
			files = (
				2A84385028884A400012872E /* weather.xcdatamodeld in Sources */,
				2A6A7958289C2189006038CB /* CacheManager.swift in Sources */,
				2A84385D288858C90012872E /* City.swift in Sources */,
				2A6A7956289C1EA5006038CB /* WeatherManager.swift in Sources */,
				2A84384A28884A400012872E /* SearchViewController.swift in Sources */,
				2A84385F288859560012872E /* SuggestionCell.swift in Sources */,
				2A6A7954289931E6006038CB /* Settings.swift in Sources */,
				2ACA2CE728ACC0D9007F5DFC /* ForecastViewController.swift in Sources */,
				2ACA2CE928ACC419007F5DFC /* ForecastTableViewCell.swift in Sources */,
				2A84384628884A400012872E /* AppDelegate.swift in Sources */,
				2A84384828884A400012872E /* SceneDelegate.swift in Sources */,
			);
			runOnlyForDeploymentPostprocessing = 0;
		};
/* End PBXSourcesBuildPhase section */

/* Begin PBXVariantGroup section */
		2A84385328884A420012872E /* LaunchScreen.storyboard */ = {
			isa = PBXVariantGroup;
			children = (
				2A84385428884A420012872E /* Base */,
			);
			name = LaunchScreen.storyboard;
			sourceTree = "<group>";
		};
/* End PBXVariantGroup section */

/* Begin XCBuildConfiguration section */
		2A84385728884A420012872E /* Debug */ = {
			isa = XCBuildConfiguration;
			buildSettings = {
				ALWAYS_SEARCH_USER_PATHS = NO;
				CLANG_ANALYZER_NONNULL = YES;
				CLANG_ANALYZER_NUMBER_OBJECT_CONVERSION = YES_AGGRESSIVE;
				CLANG_CXX_LANGUAGE_STANDARD = "gnu++17";
				CLANG_CXX_LIBRARY = "libc++";
				CLANG_ENABLE_MODULES = YES;
				CLANG_ENABLE_OBJC_ARC = YES;
				CLANG_ENABLE_OBJC_WEAK = YES;
				CLANG_WARN_BLOCK_CAPTURE_AUTORELEASING = YES;
				CLANG_WARN_BOOL_CONVERSION = YES;
				CLANG_WARN_COMMA = YES;
				CLANG_WARN_CONSTANT_CONVERSION = YES;
				CLANG_WARN_DEPRECATED_OBJC_IMPLEMENTATIONS = YES;
				CLANG_WARN_DIRECT_OBJC_ISA_USAGE = YES_ERROR;
				CLANG_WARN_DOCUMENTATION_COMMENTS = YES;
				CLANG_WARN_EMPTY_BODY = YES;
				CLANG_WARN_ENUM_CONVERSION = YES;
				CLANG_WARN_INFINITE_RECURSION = YES;
				CLANG_WARN_INT_CONVERSION = YES;
				CLANG_WARN_NON_LITERAL_NULL_CONVERSION = YES;
				CLANG_WARN_OBJC_IMPLICIT_RETAIN_SELF = YES;
				CLANG_WARN_OBJC_LITERAL_CONVERSION = YES;
				CLANG_WARN_OBJC_ROOT_CLASS = YES_ERROR;
				CLANG_WARN_QUOTED_INCLUDE_IN_FRAMEWORK_HEADER = YES;
				CLANG_WARN_RANGE_LOOP_ANALYSIS = YES;
				CLANG_WARN_STRICT_PROTOTYPES = YES;
				CLANG_WARN_SUSPICIOUS_MOVE = YES;
				CLANG_WARN_UNGUARDED_AVAILABILITY = YES_AGGRESSIVE;
				CLANG_WARN_UNREACHABLE_CODE = YES;
				CLANG_WARN__DUPLICATE_METHOD_MATCH = YES;
				COPY_PHASE_STRIP = NO;
				DEBUG_INFORMATION_FORMAT = dwarf;
				ENABLE_STRICT_OBJC_MSGSEND = YES;
				ENABLE_TESTABILITY = YES;
				GCC_C_LANGUAGE_STANDARD = gnu11;
				GCC_DYNAMIC_NO_PIC = NO;
				GCC_NO_COMMON_BLOCKS = YES;
				GCC_OPTIMIZATION_LEVEL = 0;
				GCC_PREPROCESSOR_DEFINITIONS = (
					"DEBUG=1",
					"$(inherited)",
				);
				GCC_WARN_64_TO_32_BIT_CONVERSION = YES;
				GCC_WARN_ABOUT_RETURN_TYPE = YES_ERROR;
				GCC_WARN_UNDECLARED_SELECTOR = YES;
				GCC_WARN_UNINITIALIZED_AUTOS = YES_AGGRESSIVE;
				GCC_WARN_UNUSED_FUNCTION = YES;
				GCC_WARN_UNUSED_VARIABLE = YES;
				IPHONEOS_DEPLOYMENT_TARGET = 15.2;
				MTL_ENABLE_DEBUG_INFO = INCLUDE_SOURCE;
				MTL_FAST_MATH = YES;
				ONLY_ACTIVE_ARCH = YES;
				SDKROOT = iphoneos;
				SWIFT_ACTIVE_COMPILATION_CONDITIONS = DEBUG;
				SWIFT_OPTIMIZATION_LEVEL = "-Onone";
			};
			name = Debug;
		};
		2A84385828884A420012872E /* Release */ = {
			isa = XCBuildConfiguration;
			buildSettings = {
				ALWAYS_SEARCH_USER_PATHS = NO;
				CLANG_ANALYZER_NONNULL = YES;
				CLANG_ANALYZER_NUMBER_OBJECT_CONVERSION = YES_AGGRESSIVE;
				CLANG_CXX_LANGUAGE_STANDARD = "gnu++17";
				CLANG_CXX_LIBRARY = "libc++";
				CLANG_ENABLE_MODULES = YES;
				CLANG_ENABLE_OBJC_ARC = YES;
				CLANG_ENABLE_OBJC_WEAK = YES;
				CLANG_WARN_BLOCK_CAPTURE_AUTORELEASING = YES;
				CLANG_WARN_BOOL_CONVERSION = YES;
				CLANG_WARN_COMMA = YES;
				CLANG_WARN_CONSTANT_CONVERSION = YES;
				CLANG_WARN_DEPRECATED_OBJC_IMPLEMENTATIONS = YES;
				CLANG_WARN_DIRECT_OBJC_ISA_USAGE = YES_ERROR;
				CLANG_WARN_DOCUMENTATION_COMMENTS = YES;
				CLANG_WARN_EMPTY_BODY = YES;
				CLANG_WARN_ENUM_CONVERSION = YES;
				CLANG_WARN_INFINITE_RECURSION = YES;
				CLANG_WARN_INT_CONVERSION = YES;
				CLANG_WARN_NON_LITERAL_NULL_CONVERSION = YES;
				CLANG_WARN_OBJC_IMPLICIT_RETAIN_SELF = YES;
				CLANG_WARN_OBJC_LITERAL_CONVERSION = YES;
				CLANG_WARN_OBJC_ROOT_CLASS = YES_ERROR;
				CLANG_WARN_QUOTED_INCLUDE_IN_FRAMEWORK_HEADER = YES;
				CLANG_WARN_RANGE_LOOP_ANALYSIS = YES;
				CLANG_WARN_STRICT_PROTOTYPES = YES;
				CLANG_WARN_SUSPICIOUS_MOVE = YES;
				CLANG_WARN_UNGUARDED_AVAILABILITY = YES_AGGRESSIVE;
				CLANG_WARN_UNREACHABLE_CODE = YES;
				CLANG_WARN__DUPLICATE_METHOD_MATCH = YES;
				COPY_PHASE_STRIP = NO;
				DEBUG_INFORMATION_FORMAT = "dwarf-with-dsym";
				ENABLE_NS_ASSERTIONS = NO;
				ENABLE_STRICT_OBJC_MSGSEND = YES;
				GCC_C_LANGUAGE_STANDARD = gnu11;
				GCC_NO_COMMON_BLOCKS = YES;
				GCC_WARN_64_TO_32_BIT_CONVERSION = YES;
				GCC_WARN_ABOUT_RETURN_TYPE = YES_ERROR;
				GCC_WARN_UNDECLARED_SELECTOR = YES;
				GCC_WARN_UNINITIALIZED_AUTOS = YES_AGGRESSIVE;
				GCC_WARN_UNUSED_FUNCTION = YES;
				GCC_WARN_UNUSED_VARIABLE = YES;
				IPHONEOS_DEPLOYMENT_TARGET = 15.2;
				MTL_ENABLE_DEBUG_INFO = NO;
				MTL_FAST_MATH = YES;
				SDKROOT = iphoneos;
				SWIFT_COMPILATION_MODE = wholemodule;
				SWIFT_OPTIMIZATION_LEVEL = "-O";
				VALIDATE_PRODUCT = YES;
			};
			name = Release;
		};
		2A84385A28884A420012872E /* Debug */ = {
			isa = XCBuildConfiguration;
			buildSettings = {
				ASSETCATALOG_COMPILER_APPICON_NAME = AppIcon;
				ASSETCATALOG_COMPILER_GLOBAL_ACCENT_COLOR_NAME = AccentColor;
				CODE_SIGN_STYLE = Automatic;
				CURRENT_PROJECT_VERSION = 1;
				GENERATE_INFOPLIST_FILE = YES;
				INFOPLIST_FILE = weather/Info.plist;
				INFOPLIST_KEY_UIApplicationSupportsIndirectInputEvents = YES;
				INFOPLIST_KEY_UILaunchStoryboardName = LaunchScreen;
				INFOPLIST_KEY_UISupportedInterfaceOrientations = UIInterfaceOrientationPortrait;
				INFOPLIST_KEY_UISupportedInterfaceOrientations_iPad = "UIInterfaceOrientationPortrait UIInterfaceOrientationPortraitUpsideDown UIInterfaceOrientationLandscapeLeft UIInterfaceOrientationLandscapeRight";
				INFOPLIST_KEY_UISupportedInterfaceOrientations_iPhone = "UIInterfaceOrientationPortrait UIInterfaceOrientationLandscapeLeft UIInterfaceOrientationLandscapeRight";
				LD_RUNPATH_SEARCH_PATHS = (
					"$(inherited)",
					"@executable_path/Frameworks",
				);
				MARKETING_VERSION = 1.0;
				PRODUCT_BUNDLE_IDENTIFIER = PeterLarochkin.weather;
				PRODUCT_NAME = "$(TARGET_NAME)";
				SWIFT_EMIT_LOC_STRINGS = YES;
				SWIFT_VERSION = 5.0;
				TARGETED_DEVICE_FAMILY = "1,2";
			};
			name = Debug;
		};
		2A84385B28884A420012872E /* Release */ = {
			isa = XCBuildConfiguration;
			buildSettings = {
				ASSETCATALOG_COMPILER_APPICON_NAME = AppIcon;
				ASSETCATALOG_COMPILER_GLOBAL_ACCENT_COLOR_NAME = AccentColor;
				CODE_SIGN_STYLE = Automatic;
				CURRENT_PROJECT_VERSION = 1;
				GENERATE_INFOPLIST_FILE = YES;
				INFOPLIST_FILE = weather/Info.plist;
				INFOPLIST_KEY_UIApplicationSupportsIndirectInputEvents = YES;
				INFOPLIST_KEY_UILaunchStoryboardName = LaunchScreen;
				INFOPLIST_KEY_UISupportedInterfaceOrientations = UIInterfaceOrientationPortrait;
				INFOPLIST_KEY_UISupportedInterfaceOrientations_iPad = "UIInterfaceOrientationPortrait UIInterfaceOrientationPortraitUpsideDown UIInterfaceOrientationLandscapeLeft UIInterfaceOrientationLandscapeRight";
				INFOPLIST_KEY_UISupportedInterfaceOrientations_iPhone = "UIInterfaceOrientationPortrait UIInterfaceOrientationLandscapeLeft UIInterfaceOrientationLandscapeRight";
				LD_RUNPATH_SEARCH_PATHS = (
					"$(inherited)",
					"@executable_path/Frameworks",
				);
				MARKETING_VERSION = 1.0;
				PRODUCT_BUNDLE_IDENTIFIER = PeterLarochkin.weather;
				PRODUCT_NAME = "$(TARGET_NAME)";
				SWIFT_EMIT_LOC_STRINGS = YES;
				SWIFT_VERSION = 5.0;
				TARGETED_DEVICE_FAMILY = "1,2";
			};
			name = Release;
		};
/* End XCBuildConfiguration section */

/* Begin XCConfigurationList section */
		2A84383D28884A400012872E /* Build configuration list for PBXProject "weather" */ = {
			isa = XCConfigurationList;
			buildConfigurations = (
				2A84385728884A420012872E /* Debug */,
				2A84385828884A420012872E /* Release */,
			);
			defaultConfigurationIsVisible = 0;
			defaultConfigurationName = Release;
		};
		2A84385928884A420012872E /* Build configuration list for PBXNativeTarget "weather" */ = {
			isa = XCConfigurationList;
			buildConfigurations = (
				2A84385A28884A420012872E /* Debug */,
				2A84385B28884A420012872E /* Release */,
			);
			defaultConfigurationIsVisible = 0;
			defaultConfigurationName = Release;
		};
/* End XCConfigurationList section */

/* Begin XCRemoteSwiftPackageReference section */
		2A8F373428B27614005CBA26 /* XCRemoteSwiftPackageReference "Charts" */ = {
			isa = XCRemoteSwiftPackageReference;
			repositoryURL = "https://github.com/danielgindi/Charts";
			requirement = {
				kind = upToNextMajorVersion;
				minimumVersion = 3.0.0;
			};
		};
/* End XCRemoteSwiftPackageReference section */

/* Begin XCSwiftPackageProductDependency section */
		2A8F373528B27614005CBA26 /* Charts */ = {
			isa = XCSwiftPackageProductDependency;
			package = 2A8F373428B27614005CBA26 /* XCRemoteSwiftPackageReference "Charts" */;
			productName = Charts;
		};
/* End XCSwiftPackageProductDependency section */

/* Begin XCVersionGroup section */
		2A84384E28884A400012872E /* weather.xcdatamodeld */ = {
			isa = XCVersionGroup;
			children = (
				2A84384F28884A400012872E /* weather.xcdatamodel */,
			);
			currentVersion = 2A84384F28884A400012872E /* weather.xcdatamodel */;
			path = weather.xcdatamodeld;
			sourceTree = "<group>";
			versionGroupType = wrapper.xcdatamodel;
		};
/* End XCVersionGroup section */
	};
	rootObject = 2A84383A28884A400012872E /* Project object */;
}
